{
    "name": "my_workspace",
    "version": "0.1.0",
    "lockfileVersion": 1,
    "requires": true,
    "dependencies": {
        "@bazel/bazelisk": {
            "version": "1.5.0",
            "resolved": "https://registry.npmjs.org/@bazel/bazelisk/-/bazelisk-1.5.0.tgz",
            "integrity": "sha512-qhOGN1WmfZYNJXGrRL/0byii9hX5FBomMv3WWI2OEL2+Bxm4t/bR3zMxN3xwQX1C8meSSrAfKGSzxVOZfpJsOg==",
            "dev": true
        },
        "@bazel/buildifier": {
            "version": "3.2.1",
            "resolved": "https://registry.npmjs.org/@bazel/buildifier/-/buildifier-3.2.1.tgz",
            "integrity": "sha512-rMN3OA3QYUwVj0LaN1Krc9sU46sRVV+S2aybEdtX3n9JGc0H8hxRl1DIurB6ELAFidFZBbNW3cR32p51cYuMHw==",
            "dev": true
        },
        "@bazel/ibazel": {
            "version": "0.13.1",
            "resolved": "https://registry.npmjs.org/@bazel/ibazel/-/ibazel-0.13.1.tgz",
            "integrity": "sha512-FO1hBKpzpeBL0adnFYF2Dwl/7gox6ccKM6bb+x26AXrQpLbinXPuTi4zeXRL/MW4383mF6i4RovLCmwUU/YW0w==",
            "dev": true
        }
    }
}
